// !$*UTF8*$!
{
	archiveVersion = 1;
	classes = {
	};
	objectVersion = 51;
	objects = {

/* Begin PBXBuildFile section */
		8D061D052497DBEA00B0A174 /* LoginFormController.swift in Sources */ = {isa = PBXBuildFile; fileRef = 8D061D042497DBEA00B0A174 /* LoginFormController.swift */; };
		8D377CD52493A724003210B9 /* AppDelegate.swift in Sources */ = {isa = PBXBuildFile; fileRef = 8D377CD42493A724003210B9 /* AppDelegate.swift */; };
		8D377CD72493A724003210B9 /* SceneDelegate.swift in Sources */ = {isa = PBXBuildFile; fileRef = 8D377CD62493A724003210B9 /* SceneDelegate.swift */; };
		8D377CDC2493A724003210B9 /* Main.storyboard in Resources */ = {isa = PBXBuildFile; fileRef = 8D377CDA2493A724003210B9 /* Main.storyboard */; };
		8D377CDE2493A726003210B9 /* Assets.xcassets in Resources */ = {isa = PBXBuildFile; fileRef = 8D377CDD2493A726003210B9 /* Assets.xcassets */; };
		8D377CE12493A726003210B9 /* LaunchScreen.storyboard in Resources */ = {isa = PBXBuildFile; fileRef = 8D377CDF2493A726003210B9 /* LaunchScreen.storyboard */; };
		8D377CEB2493B714003210B9 /* Session.swift in Sources */ = {isa = PBXBuildFile; fileRef = 8D377CEA2493B714003210B9 /* Session.swift */; };
		A2D17090B183BD66DFD31D06 /* Pods_VKontakte_CSA.framework in Frameworks */ = {isa = PBXBuildFile; fileRef = 5DB20AF6F66C86B465C9FEF1 /* Pods_VKontakte_CSA.framework */; };
/* End PBXBuildFile section */

/* Begin PBXFileReference section */
		5DB20AF6F66C86B465C9FEF1 /* Pods_VKontakte_CSA.framework */ = {isa = PBXFileReference; explicitFileType = wrapper.framework; includeInIndex = 0; path = Pods_VKontakte_CSA.framework; sourceTree = BUILT_PRODUCTS_DIR; };
		8D061D042497DBEA00B0A174 /* LoginFormController.swift */ = {isa = PBXFileReference; lastKnownFileType = sourcecode.swift; path = LoginFormController.swift; sourceTree = "<group>"; };
		8D377CD12493A724003210B9 /* VKontakte-CSA.app */ = {isa = PBXFileReference; explicitFileType = wrapper.application; includeInIndex = 0; path = "VKontakte-CSA.app"; sourceTree = BUILT_PRODUCTS_DIR; };
		8D377CD42493A724003210B9 /* AppDelegate.swift */ = {isa = PBXFileReference; lastKnownFileType = sourcecode.swift; path = AppDelegate.swift; sourceTree = "<group>"; };
		8D377CD62493A724003210B9 /* SceneDelegate.swift */ = {isa = PBXFileReference; lastKnownFileType = sourcecode.swift; path = SceneDelegate.swift; sourceTree = "<group>"; };
		8D377CDB2493A724003210B9 /* Base */ = {isa = PBXFileReference; lastKnownFileType = file.storyboard; name = Base; path = Base.lproj/Main.storyboard; sourceTree = "<group>"; };
		8D377CDD2493A726003210B9 /* Assets.xcassets */ = {isa = PBXFileReference; lastKnownFileType = folder.assetcatalog; path = Assets.xcassets; sourceTree = "<group>"; };
		8D377CE02493A726003210B9 /* Base */ = {isa = PBXFileReference; lastKnownFileType = file.storyboard; name = Base; path = Base.lproj/LaunchScreen.storyboard; sourceTree = "<group>"; };
		8D377CE22493A726003210B9 /* Info.plist */ = {isa = PBXFileReference; lastKnownFileType = text.plist.xml; path = Info.plist; sourceTree = "<group>"; };
		8D377CEA2493B714003210B9 /* Session.swift */ = {isa = PBXFileReference; lastKnownFileType = sourcecode.swift; path = Session.swift; sourceTree = "<group>"; };
		8DF2653A7ACF574117BA831E /* Pods-VKontakte-CSA.debug.xcconfig */ = {isa = PBXFileReference; includeInIndex = 1; lastKnownFileType = text.xcconfig; name = "Pods-VKontakte-CSA.debug.xcconfig"; path = "Target Support Files/Pods-VKontakte-CSA/Pods-VKontakte-CSA.debug.xcconfig"; sourceTree = "<group>"; };
		A5944BAB755BB89D71AADD72 /* Pods-VKontakte-CSA.release.xcconfig */ = {isa = PBXFileReference; includeInIndex = 1; lastKnownFileType = text.xcconfig; name = "Pods-VKontakte-CSA.release.xcconfig"; path = "Target Support Files/Pods-VKontakte-CSA/Pods-VKontakte-CSA.release.xcconfig"; sourceTree = "<group>"; };
/* End PBXFileReference section */

/* Begin PBXFrameworksBuildPhase section */
		8D377CCE2493A724003210B9 /* Frameworks */ = {
			isa = PBXFrameworksBuildPhase;
			buildActionMask = 2147483647;
			files = (
				A2D17090B183BD66DFD31D06 /* Pods_VKontakte_CSA.framework in Frameworks */,
			);
			runOnlyForDeploymentPostprocessing = 0;
		};
/* End PBXFrameworksBuildPhase section */

/* Begin PBXGroup section */
		8D377CC82493A724003210B9 = {
			isa = PBXGroup;
			children = (
				8D377CD32493A724003210B9 /* VKontakte-CSA */,
				8D377CD22493A724003210B9 /* Products */,
				CF9FEA6C0D615C9264663D1A /* Pods */,
				DB92F39FAB42594B6CF09D0F /* Frameworks */,
			);
			sourceTree = "<group>";
		};
		8D377CD22493A724003210B9 /* Products */ = {
			isa = PBXGroup;
			children = (
				8D377CD12493A724003210B9 /* VKontakte-CSA.app */,
			);
			name = Products;
			sourceTree = "<group>";
		};
		8D377CD32493A724003210B9 /* VKontakte-CSA */ = {
			isa = PBXGroup;
			children = (
				8D377CD42493A724003210B9 /* AppDelegate.swift */,
				8D377CD62493A724003210B9 /* SceneDelegate.swift */,
				8D061D042497DBEA00B0A174 /* LoginFormController.swift */,
				8D377CDA2493A724003210B9 /* Main.storyboard */,
				8D377CDD2493A726003210B9 /* Assets.xcassets */,
				8D377CDF2493A726003210B9 /* LaunchScreen.storyboard */,
				8D377CE22493A726003210B9 /* Info.plist */,
				8D377CEA2493B714003210B9 /* Session.swift */,
			);
			path = "VKontakte-CSA";
			sourceTree = "<group>";
		};
		CF9FEA6C0D615C9264663D1A /* Pods */ = {
			isa = PBXGroup;
			children = (
				8DF2653A7ACF574117BA831E /* Pods-VKontakte-CSA.debug.xcconfig */,
				A5944BAB755BB89D71AADD72 /* Pods-VKontakte-CSA.release.xcconfig */,
			);
			path = Pods;
			sourceTree = "<group>";
		};
		DB92F39FAB42594B6CF09D0F /* Frameworks */ = {
			isa = PBXGroup;
			children = (
				5DB20AF6F66C86B465C9FEF1 /* Pods_VKontakte_CSA.framework */,
			);
			name = Frameworks;
			sourceTree = "<group>";
		};
/* End PBXGroup section */

/* Begin PBXNativeTarget section */
		8D377CD02493A724003210B9 /* VKontakte-CSA */ = {
			isa = PBXNativeTarget;
			buildConfigurationList = 8D377CE52493A726003210B9 /* Build configuration list for PBXNativeTarget "VKontakte-CSA" */;
			buildPhases = (
				C625D2AC0BA37E232C988D91 /* [CP] Check Pods Manifest.lock */,
				8D377CCD2493A724003210B9 /* Sources */,
				8D377CCE2493A724003210B9 /* Frameworks */,
				8D377CCF2493A724003210B9 /* Resources */,
				8819548567DC14F9086CA415 /* [CP] Embed Pods Frameworks */,
			);
			buildRules = (
			);
			dependencies = (
			);
			name = "VKontakte-CSA";
			productName = "VKontakte-CSA";
			productReference = 8D377CD12493A724003210B9 /* VKontakte-CSA.app */;
			productType = "com.apple.product-type.application";
		};
/* End PBXNativeTarget section */

/* Begin PBXProject section */
		8D377CC92493A724003210B9 /* Project object */ = {
			isa = PBXProject;
			attributes = {
				LastSwiftUpdateCheck = 1150;
				LastUpgradeCheck = 1150;
				ORGANIZATIONNAME = "Ирина Семячкина";
				TargetAttributes = {
					8D377CD02493A724003210B9 = {
						CreatedOnToolsVersion = 11.5;
					};
				};
			};
			buildConfigurationList = 8D377CCC2493A724003210B9 /* Build configuration list for PBXProject "VKontakte-CSA" */;
			compatibilityVersion = "Xcode 9.3";
			developmentRegion = en;
			hasScannedForEncodings = 0;
			knownRegions = (
				en,
				Base,
			);
			mainGroup = 8D377CC82493A724003210B9;
			productRefGroup = 8D377CD22493A724003210B9 /* Products */;
			projectDirPath = "";
			projectRoot = "";
			targets = (
				8D377CD02493A724003210B9 /* VKontakte-CSA */,
			);
		};
/* End PBXProject section */

/* Begin PBXResourcesBuildPhase section */
		8D377CCF2493A724003210B9 /* Resources */ = {
			isa = PBXResourcesBuildPhase;
			buildActionMask = 2147483647;
			files = (
				8D377CE12493A726003210B9 /* LaunchScreen.storyboard in Resources */,
				8D377CDE2493A726003210B9 /* Assets.xcassets in Resources */,
				8D377CDC2493A724003210B9 /* Main.storyboard in Resources */,
			);
			runOnlyForDeploymentPostprocessing = 0;
		};
/* End PBXResourcesBuildPhase section */

/* Begin PBXShellScriptBuildPhase section */
		8819548567DC14F9086CA415 /* [CP] Embed Pods Frameworks */ = {
			isa = PBXShellScriptBuildPhase;
			buildActionMask = 2147483647;
			files = (
			);
			inputFileListPaths = (
				"${PODS_ROOT}/Target Support Files/Pods-VKontakte-CSA/Pods-VKontakte-CSA-frameworks-${CONFIGURATION}-input-files.xcfilelist",
			);
			name = "[CP] Embed Pods Frameworks";
			outputFileListPaths = (
				"${PODS_ROOT}/Target Support Files/Pods-VKontakte-CSA/Pods-VKontakte-CSA-frameworks-${CONFIGURATION}-output-files.xcfilelist",
			);
			runOnlyForDeploymentPostprocessing = 0;
			shellPath = /bin/sh;
			shellScript = "\"${PODS_ROOT}/Target Support Files/Pods-VKontakte-CSA/Pods-VKontakte-CSA-frameworks.sh\"\n";
			showEnvVarsInLog = 0;
		};
		C625D2AC0BA37E232C988D91 /* [CP] Check Pods Manifest.lock */ = {
			isa = PBXShellScriptBuildPhase;
			buildActionMask = 2147483647;
			files = (
			);
			inputFileListPaths = (
			);
			inputPaths = (
				"${PODS_PODFILE_DIR_PATH}/Podfile.lock",
				"${PODS_ROOT}/Manifest.lock",
			);
			name = "[CP] Check Pods Manifest.lock";
			outputFileListPaths = (
			);
			outputPaths = (
				"$(DERIVED_FILE_DIR)/Pods-VKontakte-CSA-checkManifestLockResult.txt",
			);
			runOnlyForDeploymentPostprocessing = 0;
			shellPath = /bin/sh;
			shellScript = "diff \"${PODS_PODFILE_DIR_PATH}/Podfile.lock\" \"${PODS_ROOT}/Manifest.lock\" > /dev/null\nif [ $? != 0 ] ; then\n    # print error to STDERR\n    echo \"error: The sandbox is not in sync with the Podfile.lock. Run 'pod install' or update your CocoaPods installation.\" >&2\n    exit 1\nfi\n# This output is used by Xcode 'outputs' to avoid re-running this script phase.\necho \"SUCCESS\" > \"${SCRIPT_OUTPUT_FILE_0}\"\n";
			showEnvVarsInLog = 0;
		};
/* End PBXShellScriptBuildPhase section */

/* Begin PBXSourcesBuildPhase section */
		8D377CCD2493A724003210B9 /* Sources */ = {
			isa = PBXSourcesBuildPhase;
			buildActionMask = 2147483647;
			files = (
				8D377CEB2493B714003210B9 /* Session.swift in Sources */,
				8D377CD52493A724003210B9 /* AppDelegate.swift in Sources */,
				8D377CD72493A724003210B9 /* SceneDelegate.swift in Sources */,
				8D061D052497DBEA00B0A174 /* LoginFormController.swift in Sources */,
			);
			runOnlyForDeploymentPostprocessing = 0;
		};
/* End PBXSourcesBuildPhase section */

/* Begin PBXVariantGroup section */
		8D377CDA2493A724003210B9 /* Main.storyboard */ = {
			isa = PBXVariantGroup;
			children = (
				8D377CDB2493A724003210B9 /* Base */,
			);
			name = Main.storyboard;
			sourceTree = "<group>";
		};
		8D377CDF2493A726003210B9 /* LaunchScreen.storyboard */ = {
			isa = PBXVariantGroup;
			children = (
				8D377CE02493A726003210B9 /* Base */,
			);
			name = LaunchScreen.storyboard;
			sourceTree = "<group>";
		};
/* End PBXVariantGroup section */

/* Begin XCBuildConfiguration section */
		8D377CE32493A726003210B9 /* Debug */ = {
			isa = XCBuildConfiguration;
			buildSettings = {
				ALWAYS_SEARCH_USER_PATHS = NO;
				CLANG_ANALYZER_NONNULL = YES;
				CLANG_ANALYZER_NUMBER_OBJECT_CONVERSION = YES_AGGRESSIVE;
				CLANG_CXX_LANGUAGE_STANDARD = "gnu++14";
				CLANG_CXX_LIBRARY = "libc++";
				CLANG_ENABLE_MODULES = YES;
				CLANG_ENABLE_OBJC_ARC = YES;
				CLANG_ENABLE_OBJC_WEAK = YES;
				CLANG_WARN_BLOCK_CAPTURE_AUTORELEASING = YES;
				CLANG_WARN_BOOL_CONVERSION = YES;
				CLANG_WARN_COMMA = YES;
				CLANG_WARN_CONSTANT_CONVERSION = YES;
				CLANG_WARN_DEPRECATED_OBJC_IMPLEMENTATIONS = YES;
				CLANG_WARN_DIRECT_OBJC_ISA_USAGE = YES_ERROR;
				CLANG_WARN_DOCUMENTATION_COMMENTS = YES;
				CLANG_WARN_EMPTY_BODY = YES;
				CLANG_WARN_ENUM_CONVERSION = YES;
				CLANG_WARN_INFINITE_RECURSION = YES;
				CLANG_WARN_INT_CONVERSION = YES;
				CLANG_WARN_NON_LITERAL_NULL_CONVERSION = YES;
				CLANG_WARN_OBJC_IMPLICIT_RETAIN_SELF = YES;
				CLANG_WARN_OBJC_LITERAL_CONVERSION = YES;
				CLANG_WARN_OBJC_ROOT_CLASS = YES_ERROR;
				CLANG_WARN_RANGE_LOOP_ANALYSIS = YES;
				CLANG_WARN_STRICT_PROTOTYPES = YES;
				CLANG_WARN_SUSPICIOUS_MOVE = YES;
				CLANG_WARN_UNGUARDED_AVAILABILITY = YES_AGGRESSIVE;
				CLANG_WARN_UNREACHABLE_CODE = YES;
				CLANG_WARN__DUPLICATE_METHOD_MATCH = YES;
				COPY_PHASE_STRIP = NO;
				DEBUG_INFORMATION_FORMAT = dwarf;
				ENABLE_STRICT_OBJC_MSGSEND = YES;
				ENABLE_TESTABILITY = YES;
				GCC_C_LANGUAGE_STANDARD = gnu11;
				GCC_DYNAMIC_NO_PIC = NO;
				GCC_NO_COMMON_BLOCKS = YES;
				GCC_OPTIMIZATION_LEVEL = 0;
				GCC_PREPROCESSOR_DEFINITIONS = (
					"DEBUG=1",
					"$(inherited)",
				);
				GCC_WARN_64_TO_32_BIT_CONVERSION = YES;
				GCC_WARN_ABOUT_RETURN_TYPE = YES_ERROR;
				GCC_WARN_UNDECLARED_SELECTOR = YES;
				GCC_WARN_UNINITIALIZED_AUTOS = YES_AGGRESSIVE;
				GCC_WARN_UNUSED_FUNCTION = YES;
				GCC_WARN_UNUSED_VARIABLE = YES;
				IPHONEOS_DEPLOYMENT_TARGET = 13.5;
				MTL_ENABLE_DEBUG_INFO = INCLUDE_SOURCE;
				MTL_FAST_MATH = YES;
				ONLY_ACTIVE_ARCH = YES;
				SDKROOT = iphoneos;
				SWIFT_ACTIVE_COMPILATION_CONDITIONS = DEBUG;
				SWIFT_OPTIMIZATION_LEVEL = "-Onone";
			};
			name = Debug;
		};
		8D377CE42493A726003210B9 /* Release */ = {
			isa = XCBuildConfiguration;
			buildSettings = {
				ALWAYS_SEARCH_USER_PATHS = NO;
				CLANG_ANALYZER_NONNULL = YES;
				CLANG_ANALYZER_NUMBER_OBJECT_CONVERSION = YES_AGGRESSIVE;
				CLANG_CXX_LANGUAGE_STANDARD = "gnu++14";
				CLANG_CXX_LIBRARY = "libc++";
				CLANG_ENABLE_MODULES = YES;
				CLANG_ENABLE_OBJC_ARC = YES;
				CLANG_ENABLE_OBJC_WEAK = YES;
				CLANG_WARN_BLOCK_CAPTURE_AUTORELEASING = YES;
				CLANG_WARN_BOOL_CONVERSION = YES;
				CLANG_WARN_COMMA = YES;
				CLANG_WARN_CONSTANT_CONVERSION = YES;
				CLANG_WARN_DEPRECATED_OBJC_IMPLEMENTATIONS = YES;
				CLANG_WARN_DIRECT_OBJC_ISA_USAGE = YES_ERROR;
				CLANG_WARN_DOCUMENTATION_COMMENTS = YES;
				CLANG_WARN_EMPTY_BODY = YES;
				CLANG_WARN_ENUM_CONVERSION = YES;
				CLANG_WARN_INFINITE_RECURSION = YES;
				CLANG_WARN_INT_CONVERSION = YES;
				CLANG_WARN_NON_LITERAL_NULL_CONVERSION = YES;
				CLANG_WARN_OBJC_IMPLICIT_RETAIN_SELF = YES;
				CLANG_WARN_OBJC_LITERAL_CONVERSION = YES;
				CLANG_WARN_OBJC_ROOT_CLASS = YES_ERROR;
				CLANG_WARN_RANGE_LOOP_ANALYSIS = YES;
				CLANG_WARN_STRICT_PROTOTYPES = YES;
				CLANG_WARN_SUSPICIOUS_MOVE = YES;
				CLANG_WARN_UNGUARDED_AVAILABILITY = YES_AGGRESSIVE;
				CLANG_WARN_UNREACHABLE_CODE = YES;
				CLANG_WARN__DUPLICATE_METHOD_MATCH = YES;
				COPY_PHASE_STRIP = NO;
				DEBUG_INFORMATION_FORMAT = "dwarf-with-dsym";
				ENABLE_NS_ASSERTIONS = NO;
				ENABLE_STRICT_OBJC_MSGSEND = YES;
				GCC_C_LANGUAGE_STANDARD = gnu11;
				GCC_NO_COMMON_BLOCKS = YES;
				GCC_WARN_64_TO_32_BIT_CONVERSION = YES;
				GCC_WARN_ABOUT_RETURN_TYPE = YES_ERROR;
				GCC_WARN_UNDECLARED_SELECTOR = YES;
				GCC_WARN_UNINITIALIZED_AUTOS = YES_AGGRESSIVE;
				GCC_WARN_UNUSED_FUNCTION = YES;
				GCC_WARN_UNUSED_VARIABLE = YES;
				IPHONEOS_DEPLOYMENT_TARGET = 13.5;
				MTL_ENABLE_DEBUG_INFO = NO;
				MTL_FAST_MATH = YES;
				SDKROOT = iphoneos;
				SWIFT_COMPILATION_MODE = wholemodule;
				SWIFT_OPTIMIZATION_LEVEL = "-O";
				VALIDATE_PRODUCT = YES;
			};
			name = Release;
		};
		8D377CE62493A726003210B9 /* Debug */ = {
			isa = XCBuildConfiguration;
			baseConfigurationReference = 8DF2653A7ACF574117BA831E /* Pods-VKontakte-CSA.debug.xcconfig */;
			buildSettings = {
				ASSETCATALOG_COMPILER_APPICON_NAME = AppIcon;
				CODE_SIGN_STYLE = Automatic;
				DEVELOPMENT_TEAM = 4AJQCW2UQ7;
				INFOPLIST_FILE = "VKontakte-CSA/Info.plist";
				LD_RUNPATH_SEARCH_PATHS = (
					"$(inherited)",
					"@executable_path/Frameworks",
				);
				PRODUCT_BUNDLE_IDENTIFIER = "---------------.VKontakte-CSA";
				PRODUCT_NAME = "$(TARGET_NAME)";
				SWIFT_VERSION = 5.0;
				TARGETED_DEVICE_FAMILY = "1,2";
			};
			name = Debug;
		};
		8D377CE72493A726003210B9 /* Release */ = {
			isa = XCBuildConfiguration;
			baseConfigurationReference = A5944BAB755BB89D71AADD72 /* Pods-VKontakte-CSA.release.xcconfig */;
			buildSettings = {
				ASSETCATALOG_COMPILER_APPICON_NAME = AppIcon;
				CODE_SIGN_STYLE = Automatic;
				DEVELOPMENT_TEAM = 4AJQCW2UQ7;
				INFOPLIST_FILE = "VKontakte-CSA/Info.plist";
				LD_RUNPATH_SEARCH_PATHS = (
					"$(inherited)",
					"@executable_path/Frameworks",
				);
				PRODUCT_BUNDLE_IDENTIFIER = "---------------.VKontakte-CSA";
				PRODUCT_NAME = "$(TARGET_NAME)";
				SWIFT_VERSION = 5.0;
				TARGETED_DEVICE_FAMILY = "1,2";
			};
			name = Release;
		};
/* End XCBuildConfiguration section */

/* Begin XCConfigurationList section */
		8D377CCC2493A724003210B9 /* Build configuration list for PBXProject "VKontakte-CSA" */ = {
			isa = XCConfigurationList;
			buildConfigurations = (
				8D377CE32493A726003210B9 /* Debug */,
				8D377CE42493A726003210B9 /* Release */,
			);
			defaultConfigurationIsVisible = 0;
			defaultConfigurationName = Release;
		};
		8D377CE52493A726003210B9 /* Build configuration list for PBXNativeTarget "VKontakte-CSA" */ = {
			isa = XCConfigurationList;
			buildConfigurations = (
				8D377CE62493A726003210B9 /* Debug */,
				8D377CE72493A726003210B9 /* Release */,
			);
			defaultConfigurationIsVisible = 0;
			defaultConfigurationName = Release;
		};
/* End XCConfigurationList section */
	};
	rootObject = 8D377CC92493A724003210B9 /* Project object */;
}
